
Microsoft Visual Studio Solution File, Format Version 12.00
# Visual Studio 2012
Project("{FAE04EC0-301F-11D3-BF4B-00C04F79EFBC}") = "BabyProject", "BabyProject\BabyProject.csproj", "{D83855A5-8C5A-4DAC-9189-48D8406D83E5}"
EndProject
Project("{2150E333-8FDC-42A3-9474-1A3956D46DE8}") = ".nuget", ".nuget", "{95D5BBF9-24D3-474F-8CB4-644DD52969E6}"
	ProjectSection(SolutionItems) = preProject
		.nuget\NuGet.Config = .nuget\NuGet.Config
		.nuget\NuGet.exe = .nuget\NuGet.exe
		.nuget\NuGet.targets = .nuget\NuGet.targets
	EndProjectSection
EndProject
Project("{F2A71F9B-5D33-465A-A702-920D77279786}") = "FBabyProject", "FBabyProject\FBabyProject.fsproj", "{44E48E3C-F129-4DBB-8285-B89F306B24D9}"
EndProject
Project("{2150E333-8FDC-42A3-9474-1A3956D46DE8}") = "WebKits", "WebKits", "{C87CFF85-9ABB-405D-A561-14D886B2F2AF}"
EndProject
Project("{FAE04EC0-301F-11D3-BF4B-00C04F79EFBC}") = "MVCValidation", "MVCValidation\MVCValidation.csproj", "{B3BBF089-4C53-411F-AC4A-24F4000A978D}"
EndProject
Project("{FAE04EC0-301F-11D3-BF4B-00C04F79EFBC}") = "Refactoring", "Refactoring\Refactoring.csproj", "{DFF485D9-3E17-4190-B401-6AF516CCD3A5}"
EndProject
Global
	GlobalSection(SolutionConfigurationPlatforms) = preSolution
		Debug|Any CPU = Debug|Any CPU
		Release|Any CPU = Release|Any CPU
	EndGlobalSection
	GlobalSection(ProjectConfigurationPlatforms) = postSolution
		{D83855A5-8C5A-4DAC-9189-48D8406D83E5}.Debug|Any CPU.ActiveCfg = Debug|Any CPU
		{D83855A5-8C5A-4DAC-9189-48D8406D83E5}.Debug|Any CPU.Build.0 = Debug|Any CPU
		{D83855A5-8C5A-4DAC-9189-48D8406D83E5}.Release|Any CPU.ActiveCfg = Release|Any CPU
		{D83855A5-8C5A-4DAC-9189-48D8406D83E5}.Release|Any CPU.Build.0 = Release|Any CPU
		{44E48E3C-F129-4DBB-8285-B89F306B24D9}.Debug|Any CPU.ActiveCfg = Debug|Any CPU
		{44E48E3C-F129-4DBB-8285-B89F306B24D9}.Debug|Any CPU.Build.0 = Debug|Any CPU
		{44E48E3C-F129-4DBB-8285-B89F306B24D9}.Release|Any CPU.ActiveCfg = Release|Any CPU
		{44E48E3C-F129-4DBB-8285-B89F306B24D9}.Release|Any CPU.Build.0 = Release|Any CPU
		{B3BBF089-4C53-411F-AC4A-24F4000A978D}.Debug|Any CPU.ActiveCfg = Debug|Any CPU
		{B3BBF089-4C53-411F-AC4A-24F4000A978D}.Debug|Any CPU.Build.0 = Debug|Any CPU
		{B3BBF089-4C53-411F-AC4A-24F4000A978D}.Release|Any CPU.ActiveCfg = Release|Any CPU
		{B3BBF089-4C53-411F-AC4A-24F4000A978D}.Release|Any CPU.Build.0 = Release|Any CPU
		{DFF485D9-3E17-4190-B401-6AF516CCD3A5}.Debug|Any CPU.ActiveCfg = Debug|Any CPU
		{DFF485D9-3E17-4190-B401-6AF516CCD3A5}.Debug|Any CPU.Build.0 = Debug|Any CPU
		{DFF485D9-3E17-4190-B401-6AF516CCD3A5}.Release|Any CPU.ActiveCfg = Release|Any CPU
		{DFF485D9-3E17-4190-B401-6AF516CCD3A5}.Release|Any CPU.Build.0 = Release|Any CPU
	EndGlobalSection
	GlobalSection(SolutionProperties) = preSolution
		HideSolutionNode = FALSE
	EndGlobalSection
	GlobalSection(NestedProjects) = preSolution
		{B3BBF089-4C53-411F-AC4A-24F4000A978D} = {C87CFF85-9ABB-405D-A561-14D886B2F2AF}
	EndGlobalSection
EndGlobal
